
Microsoft Visual Studio Solution File, Format Version 12.00
# Visual Studio Version 16
VisualStudioVersion = 16.0.31624.102
MinimumVisualStudioVersion = 10.0.40219.1
Project("{FAE04EC0-301F-11D3-BF4B-00C04F79EFBC}") = "SnakeGame", "SnakeGame\SnakeGame.csproj", "{E739F4F0-E827-498B-981A-E299C7EDC9AB}"
EndProject
Global
	GlobalSection(SolutionConfigurationPlatforms) = preSolution
		Debug|Any CPU = Debug|Any CPU
		Release|Any CPU = Release|Any CPU
	EndGlobalSection
	GlobalSection(ProjectConfigurationPlatforms) = postSolution
		{E739F4F0-E827-498B-981A-E299C7EDC9AB}.Debug|Any CPU.ActiveCfg = Debug|Any CPU
		{E739F4F0-E827-498B-981A-E299C7EDC9AB}.Debug|Any CPU.Build.0 = Debug|Any CPU
		{E739F4F0-E827-498B-981A-E299C7EDC9AB}.Release|Any CPU.ActiveCfg = Release|Any CPU
		{E739F4F0-E827-498B-981A-E299C7EDC9AB}.Release|Any CPU.Build.0 = Release|Any CPU
	EndGlobalSection
	GlobalSection(SolutionProperties) = preSolution
		HideSolutionNode = FALSE
	EndGlobalSection
	GlobalSection(ExtensibilityGlobals) = postSolution
		SolutionGuid = {9FCD663C-E3F1-4FCE-9B22-793822CCC6AA}
	EndGlobalSection
EndGlobal
